// !$*UTF8*$!
{
	archiveVersion = 1;
	classes = {
	};
	objectVersion = 56;
	objects = {

/* Begin PBXBuildFile section */
		121BF88D2B777DF400EAEC0B /* TabBarView.swift in Sources */ = {isa = PBXBuildFile; fileRef = 121BF88C2B777DF400EAEC0B /* TabBarView.swift */; };
		121BF88F2B7792EC00EAEC0B /* ModifierTools.swift in Sources */ = {isa = PBXBuildFile; fileRef = 121BF88E2B7792EC00EAEC0B /* ModifierTools.swift */; };
		121BF8922B7796F600EAEC0B /* SettingView.swift in Sources */ = {isa = PBXBuildFile; fileRef = 121BF8912B7796F600EAEC0B /* SettingView.swift */; };
		121BF8942B7799A600EAEC0B /* HistoryView.swift in Sources */ = {isa = PBXBuildFile; fileRef = 121BF8932B7799A600EAEC0B /* HistoryView.swift */; };
		121BF8962B7799C900EAEC0B /* InstructionViw.swift in Sources */ = {isa = PBXBuildFile; fileRef = 121BF8952B7799C900EAEC0B /* InstructionViw.swift */; };
		121BF8982B779D2500EAEC0B /* FingerView.swift in Sources */ = {isa = PBXBuildFile; fileRef = 121BF8972B779D2500EAEC0B /* FingerView.swift */; };
		121BF89B2B77AAAA00EAEC0B /* SliderVerticalView.swift in Sources */ = {isa = PBXBuildFile; fileRef = 121BF89A2B77AAAA00EAEC0B /* SliderVerticalView.swift */; };
		121BF89D2B78A51E00EAEC0B /* CalculatorView.swift in Sources */ = {isa = PBXBuildFile; fileRef = 121BF89C2B78A51E00EAEC0B /* CalculatorView.swift */; };
		121BF89F2B78A75A00EAEC0B /* CountrySetView.swift in Sources */ = {isa = PBXBuildFile; fileRef = 121BF89E2B78A75A00EAEC0B /* CountrySetView.swift */; };
		121BF8A12B78B44700EAEC0B /* Assets.xcassets in Resources */ = {isa = PBXBuildFile; fileRef = 121BF8A02B78B44700EAEC0B /* Assets.xcassets */; };
		121BF8A32B78C36000EAEC0B /* CountryModalView.swift in Sources */ = {isa = PBXBuildFile; fileRef = 121BF8A22B78C36000EAEC0B /* CountryModalView.swift */; };
		121BF8A62B79167500EAEC0B /* RiveRuntime in Frameworks */ = {isa = PBXBuildFile; productRef = 121BF8A52B79167500EAEC0B /* RiveRuntime */; };
		121BF8A92B79170900EAEC0B /* ringsize.riv in Resources */ = {isa = PBXBuildFile; fileRef = 121BF8A82B79170800EAEC0B /* ringsize.riv */; };
		1223CB9B2B7657D400633F08 /* RingSizeApp.swift in Sources */ = {isa = PBXBuildFile; fileRef = 1223CB9A2B7657D400633F08 /* RingSizeApp.swift */; };
		1223CB9D2B7657D400633F08 /* ContentView.swift in Sources */ = {isa = PBXBuildFile; fileRef = 1223CB9C2B7657D400633F08 /* ContentView.swift */; };
		1223CBA22B7657D700633F08 /* Preview Assets.xcassets in Resources */ = {isa = PBXBuildFile; fileRef = 1223CBA12B7657D700633F08 /* Preview Assets.xcassets */; };
		1223CBAD2B7695C100633F08 /* Extension.swift in Sources */ = {isa = PBXBuildFile; fileRef = 1223CBAC2B7695C100633F08 /* Extension.swift */; };
/* End PBXBuildFile section */

/* Begin PBXFileReference section */
		121BF88C2B777DF400EAEC0B /* TabBarView.swift */ = {isa = PBXFileReference; lastKnownFileType = sourcecode.swift; path = TabBarView.swift; sourceTree = "<group>"; };
		121BF88E2B7792EC00EAEC0B /* ModifierTools.swift */ = {isa = PBXFileReference; lastKnownFileType = sourcecode.swift; path = ModifierTools.swift; sourceTree = "<group>"; };
		121BF8912B7796F600EAEC0B /* SettingView.swift */ = {isa = PBXFileReference; lastKnownFileType = sourcecode.swift; path = SettingView.swift; sourceTree = "<group>"; };
		121BF8932B7799A600EAEC0B /* HistoryView.swift */ = {isa = PBXFileReference; lastKnownFileType = sourcecode.swift; path = HistoryView.swift; sourceTree = "<group>"; };
		121BF8952B7799C900EAEC0B /* InstructionViw.swift */ = {isa = PBXFileReference; lastKnownFileType = sourcecode.swift; path = InstructionViw.swift; sourceTree = "<group>"; };
		121BF8972B779D2500EAEC0B /* FingerView.swift */ = {isa = PBXFileReference; lastKnownFileType = sourcecode.swift; path = FingerView.swift; sourceTree = "<group>"; };
		121BF89A2B77AAAA00EAEC0B /* SliderVerticalView.swift */ = {isa = PBXFileReference; lastKnownFileType = sourcecode.swift; path = SliderVerticalView.swift; sourceTree = "<group>"; };
		121BF89C2B78A51E00EAEC0B /* CalculatorView.swift */ = {isa = PBXFileReference; lastKnownFileType = sourcecode.swift; path = CalculatorView.swift; sourceTree = "<group>"; };
		121BF89E2B78A75A00EAEC0B /* CountrySetView.swift */ = {isa = PBXFileReference; lastKnownFileType = sourcecode.swift; path = CountrySetView.swift; sourceTree = "<group>"; };
		121BF8A02B78B44700EAEC0B /* Assets.xcassets */ = {isa = PBXFileReference; lastKnownFileType = folder.assetcatalog; path = Assets.xcassets; sourceTree = "<group>"; };
		121BF8A22B78C36000EAEC0B /* CountryModalView.swift */ = {isa = PBXFileReference; lastKnownFileType = sourcecode.swift; path = CountryModalView.swift; sourceTree = "<group>"; };
		121BF8A82B79170800EAEC0B /* ringsize.riv */ = {isa = PBXFileReference; lastKnownFileType = file; path = ringsize.riv; sourceTree = "<group>"; };
		1223CB972B7657D400633F08 /* RingSize.app */ = {isa = PBXFileReference; explicitFileType = wrapper.application; includeInIndex = 0; path = RingSize.app; sourceTree = BUILT_PRODUCTS_DIR; };
		1223CB9A2B7657D400633F08 /* RingSizeApp.swift */ = {isa = PBXFileReference; lastKnownFileType = sourcecode.swift; path = RingSizeApp.swift; sourceTree = "<group>"; };
		1223CB9C2B7657D400633F08 /* ContentView.swift */ = {isa = PBXFileReference; lastKnownFileType = sourcecode.swift; path = ContentView.swift; sourceTree = "<group>"; };
		1223CBA12B7657D700633F08 /* Preview Assets.xcassets */ = {isa = PBXFileReference; lastKnownFileType = folder.assetcatalog; path = "Preview Assets.xcassets"; sourceTree = "<group>"; };
		1223CBAC2B7695C100633F08 /* Extension.swift */ = {isa = PBXFileReference; lastKnownFileType = sourcecode.swift; path = Extension.swift; sourceTree = "<group>"; };
/* End PBXFileReference section */

/* Begin PBXFrameworksBuildPhase section */
		1223CB942B7657D400633F08 /* Frameworks */ = {
			isa = PBXFrameworksBuildPhase;
			buildActionMask = 2147483647;
			files = (
				121BF8A62B79167500EAEC0B /* RiveRuntime in Frameworks */,
			);
			runOnlyForDeploymentPostprocessing = 0;
		};
/* End PBXFrameworksBuildPhase section */

/* Begin PBXGroup section */
		121BF8882B777D7500EAEC0B /* App */ = {
			isa = PBXGroup;
			children = (
				1223CB9A2B7657D400633F08 /* RingSizeApp.swift */,
			);
			path = App;
			sourceTree = "<group>";
		};
		121BF8892B777D8C00EAEC0B /* View */ = {
			isa = PBXGroup;
			children = (
				1223CB9C2B7657D400633F08 /* ContentView.swift */,
				121BF8972B779D2500EAEC0B /* FingerView.swift */,
				121BF8932B7799A600EAEC0B /* HistoryView.swift */,
				121BF8952B7799C900EAEC0B /* InstructionViw.swift */,
				121BF8912B7796F600EAEC0B /* SettingView.swift */,
				121BF89C2B78A51E00EAEC0B /* CalculatorView.swift */,
				121BF89E2B78A75A00EAEC0B /* CountrySetView.swift */,
				121BF8A22B78C36000EAEC0B /* CountryModalView.swift */,
			);
			path = View;
			sourceTree = "<group>";
		};
		121BF88A2B777D9800EAEC0B /* Extension */ = {
			isa = PBXGroup;
			children = (
				1223CBAC2B7695C100633F08 /* Extension.swift */,
			);
			path = Extension;
			sourceTree = "<group>";
		};
		121BF88B2B777DC800EAEC0B /* TabBar */ = {
			isa = PBXGroup;
			children = (
				121BF88C2B777DF400EAEC0B /* TabBarView.swift */,
			);
			path = TabBar;
			sourceTree = "<group>";
		};
		121BF8902B77954500EAEC0B /* Modifiers */ = {
			isa = PBXGroup;
			children = (
				121BF88E2B7792EC00EAEC0B /* ModifierTools.swift */,
			);
			path = Modifiers;
			sourceTree = "<group>";
		};
		121BF8992B77AA8300EAEC0B /* ViewElement */ = {
			isa = PBXGroup;
			children = (
				121BF89A2B77AAAA00EAEC0B /* SliderVerticalView.swift */,
			);
			path = ViewElement;
			sourceTree = "<group>";
		};
		121BF8A72B7916E500EAEC0B /* Rive */ = {
			isa = PBXGroup;
			children = (
				121BF8A82B79170800EAEC0B /* ringsize.riv */,
			);
			path = Rive;
			sourceTree = "<group>";
		};
		1223CB8E2B7657D400633F08 = {
			isa = PBXGroup;
			children = (
				1223CB992B7657D400633F08 /* RingSize */,
				1223CB982B7657D400633F08 /* Products */,
			);
			sourceTree = "<group>";
		};
		1223CB982B7657D400633F08 /* Products */ = {
			isa = PBXGroup;
			children = (
				1223CB972B7657D400633F08 /* RingSize.app */,
			);
			name = Products;
			sourceTree = "<group>";
		};
		1223CB992B7657D400633F08 /* RingSize */ = {
			isa = PBXGroup;
			children = (
				121BF8A72B7916E500EAEC0B /* Rive */,
				121BF8992B77AA8300EAEC0B /* ViewElement */,
				121BF88B2B777DC800EAEC0B /* TabBar */,
				121BF8882B777D7500EAEC0B /* App */,
				121BF8892B777D8C00EAEC0B /* View */,
				121BF88A2B777D9800EAEC0B /* Extension */,
				1223CBA02B7657D700633F08 /* Preview Content */,
				121BF8902B77954500EAEC0B /* Modifiers */,
			);
			path = RingSize;
			sourceTree = "<group>";
		};
		1223CBA02B7657D700633F08 /* Preview Content */ = {
			isa = PBXGroup;
			children = (
				1223CBA12B7657D700633F08 /* Preview Assets.xcassets */,
				121BF8A02B78B44700EAEC0B /* Assets.xcassets */,
			);
			path = "Preview Content";
			sourceTree = "<group>";
		};
/* End PBXGroup section */

/* Begin PBXNativeTarget section */
		1223CB962B7657D400633F08 /* RingSize */ = {
			isa = PBXNativeTarget;
			buildConfigurationList = 1223CBA52B7657D700633F08 /* Build configuration list for PBXNativeTarget "RingSize" */;
			buildPhases = (
				1223CB932B7657D400633F08 /* Sources */,
				1223CB942B7657D400633F08 /* Frameworks */,
				1223CB952B7657D400633F08 /* Resources */,
			);
			buildRules = (
			);
			dependencies = (
			);
			name = RingSize;
			packageProductDependencies = (
				121BF8A52B79167500EAEC0B /* RiveRuntime */,
			);
			productName = RingSize;
			productReference = 1223CB972B7657D400633F08 /* RingSize.app */;
			productType = "com.apple.product-type.application";
		};
/* End PBXNativeTarget section */

/* Begin PBXProject section */
		1223CB8F2B7657D400633F08 /* Project object */ = {
			isa = PBXProject;
			attributes = {
				BuildIndependentTargetsInParallel = 1;
				LastSwiftUpdateCheck = 1520;
				LastUpgradeCheck = 1520;
				TargetAttributes = {
					1223CB962B7657D400633F08 = {
						CreatedOnToolsVersion = 15.2;
					};
				};
			};
			buildConfigurationList = 1223CB922B7657D400633F08 /* Build configuration list for PBXProject "RingSize" */;
			compatibilityVersion = "Xcode 14.0";
			developmentRegion = en;
			hasScannedForEncodings = 0;
			knownRegions = (
				en,
				Base,
			);
			mainGroup = 1223CB8E2B7657D400633F08;
			packageReferences = (
				121BF8A42B79167500EAEC0B /* XCRemoteSwiftPackageReference "rive-ios" */,
			);
			productRefGroup = 1223CB982B7657D400633F08 /* Products */;
			projectDirPath = "";
			projectRoot = "";
			targets = (
				1223CB962B7657D400633F08 /* RingSize */,
			);
		};
/* End PBXProject section */

/* Begin PBXResourcesBuildPhase section */
		1223CB952B7657D400633F08 /* Resources */ = {
			isa = PBXResourcesBuildPhase;
			buildActionMask = 2147483647;
			files = (
				121BF8A92B79170900EAEC0B /* ringsize.riv in Resources */,
				121BF8A12B78B44700EAEC0B /* Assets.xcassets in Resources */,
				1223CBA22B7657D700633F08 /* Preview Assets.xcassets in Resources */,
			);
			runOnlyForDeploymentPostprocessing = 0;
		};
/* End PBXResourcesBuildPhase section */

/* Begin PBXSourcesBuildPhase section */
		1223CB932B7657D400633F08 /* Sources */ = {
			isa = PBXSourcesBuildPhase;
			buildActionMask = 2147483647;
			files = (
				121BF8942B7799A600EAEC0B /* HistoryView.swift in Sources */,
				1223CB9D2B7657D400633F08 /* ContentView.swift in Sources */,
				121BF89F2B78A75A00EAEC0B /* CountrySetView.swift in Sources */,
				1223CB9B2B7657D400633F08 /* RingSizeApp.swift in Sources */,
				121BF88F2B7792EC00EAEC0B /* ModifierTools.swift in Sources */,
				121BF8922B7796F600EAEC0B /* SettingView.swift in Sources */,
				121BF89D2B78A51E00EAEC0B /* CalculatorView.swift in Sources */,
				121BF89B2B77AAAA00EAEC0B /* SliderVerticalView.swift in Sources */,
				121BF88D2B777DF400EAEC0B /* TabBarView.swift in Sources */,
				1223CBAD2B7695C100633F08 /* Extension.swift in Sources */,
				121BF8962B7799C900EAEC0B /* InstructionViw.swift in Sources */,
				121BF8A32B78C36000EAEC0B /* CountryModalView.swift in Sources */,
				121BF8982B779D2500EAEC0B /* FingerView.swift in Sources */,
			);
			runOnlyForDeploymentPostprocessing = 0;
		};
/* End PBXSourcesBuildPhase section */

/* Begin XCBuildConfiguration section */
		1223CBA32B7657D700633F08 /* Debug */ = {
			isa = XCBuildConfiguration;
			buildSettings = {
				ALWAYS_SEARCH_USER_PATHS = NO;
				ASSETCATALOG_COMPILER_GENERATE_SWIFT_ASSET_SYMBOL_EXTENSIONS = YES;
				CLANG_ANALYZER_NONNULL = YES;
				CLANG_ANALYZER_NUMBER_OBJECT_CONVERSION = YES_AGGRESSIVE;
				CLANG_CXX_LANGUAGE_STANDARD = "gnu++20";
				CLANG_ENABLE_MODULES = YES;
				CLANG_ENABLE_OBJC_ARC = YES;
				CLANG_ENABLE_OBJC_WEAK = YES;
				CLANG_WARN_BLOCK_CAPTURE_AUTORELEASING = YES;
				CLANG_WARN_BOOL_CONVERSION = YES;
				CLANG_WARN_COMMA = YES;
				CLANG_WARN_CONSTANT_CONVERSION = YES;
				CLANG_WARN_DEPRECATED_OBJC_IMPLEMENTATIONS = YES;
				CLANG_WARN_DIRECT_OBJC_ISA_USAGE = YES_ERROR;
				CLANG_WARN_DOCUMENTATION_COMMENTS = YES;
				CLANG_WARN_EMPTY_BODY = YES;
				CLANG_WARN_ENUM_CONVERSION = YES;
				CLANG_WARN_INFINITE_RECURSION = YES;
				CLANG_WARN_INT_CONVERSION = YES;
				CLANG_WARN_NON_LITERAL_NULL_CONVERSION = YES;
				CLANG_WARN_OBJC_IMPLICIT_RETAIN_SELF = YES;
				CLANG_WARN_OBJC_LITERAL_CONVERSION = YES;
				CLANG_WARN_OBJC_ROOT_CLASS = YES_ERROR;
				CLANG_WARN_QUOTED_INCLUDE_IN_FRAMEWORK_HEADER = YES;
				CLANG_WARN_RANGE_LOOP_ANALYSIS = YES;
				CLANG_WARN_STRICT_PROTOTYPES = YES;
				CLANG_WARN_SUSPICIOUS_MOVE = YES;
				CLANG_WARN_UNGUARDED_AVAILABILITY = YES_AGGRESSIVE;
				CLANG_WARN_UNREACHABLE_CODE = YES;
				CLANG_WARN__DUPLICATE_METHOD_MATCH = YES;
				COPY_PHASE_STRIP = NO;
				DEBUG_INFORMATION_FORMAT = dwarf;
				ENABLE_STRICT_OBJC_MSGSEND = YES;
				ENABLE_TESTABILITY = YES;
				ENABLE_USER_SCRIPT_SANDBOXING = YES;
				GCC_C_LANGUAGE_STANDARD = gnu17;
				GCC_DYNAMIC_NO_PIC = NO;
				GCC_NO_COMMON_BLOCKS = YES;
				GCC_OPTIMIZATION_LEVEL = 0;
				GCC_PREPROCESSOR_DEFINITIONS = (
					"DEBUG=1",
					"$(inherited)",
				);
				GCC_WARN_64_TO_32_BIT_CONVERSION = YES;
				GCC_WARN_ABOUT_RETURN_TYPE = YES_ERROR;
				GCC_WARN_UNDECLARED_SELECTOR = YES;
				GCC_WARN_UNINITIALIZED_AUTOS = YES_AGGRESSIVE;
				GCC_WARN_UNUSED_FUNCTION = YES;
				GCC_WARN_UNUSED_VARIABLE = YES;
				IPHONEOS_DEPLOYMENT_TARGET = 17.2;
				LOCALIZATION_PREFERS_STRING_CATALOGS = YES;
				MTL_ENABLE_DEBUG_INFO = INCLUDE_SOURCE;
				MTL_FAST_MATH = YES;
				ONLY_ACTIVE_ARCH = YES;
				SDKROOT = iphoneos;
				SWIFT_ACTIVE_COMPILATION_CONDITIONS = "DEBUG $(inherited)";
				SWIFT_OPTIMIZATION_LEVEL = "-Onone";
			};
			name = Debug;
		};
		1223CBA42B7657D700633F08 /* Release */ = {
			isa = XCBuildConfiguration;
			buildSettings = {
				ALWAYS_SEARCH_USER_PATHS = NO;
				ASSETCATALOG_COMPILER_GENERATE_SWIFT_ASSET_SYMBOL_EXTENSIONS = YES;
				CLANG_ANALYZER_NONNULL = YES;
				CLANG_ANALYZER_NUMBER_OBJECT_CONVERSION = YES_AGGRESSIVE;
				CLANG_CXX_LANGUAGE_STANDARD = "gnu++20";
				CLANG_ENABLE_MODULES = YES;
				CLANG_ENABLE_OBJC_ARC = YES;
				CLANG_ENABLE_OBJC_WEAK = YES;
				CLANG_WARN_BLOCK_CAPTURE_AUTORELEASING = YES;
				CLANG_WARN_BOOL_CONVERSION = YES;
				CLANG_WARN_COMMA = YES;
				CLANG_WARN_CONSTANT_CONVERSION = YES;
				CLANG_WARN_DEPRECATED_OBJC_IMPLEMENTATIONS = YES;
				CLANG_WARN_DIRECT_OBJC_ISA_USAGE = YES_ERROR;
				CLANG_WARN_DOCUMENTATION_COMMENTS = YES;
				CLANG_WARN_EMPTY_BODY = YES;
				CLANG_WARN_ENUM_CONVERSION = YES;
				CLANG_WARN_INFINITE_RECURSION = YES;
				CLANG_WARN_INT_CONVERSION = YES;
				CLANG_WARN_NON_LITERAL_NULL_CONVERSION = YES;
				CLANG_WARN_OBJC_IMPLICIT_RETAIN_SELF = YES;
				CLANG_WARN_OBJC_LITERAL_CONVERSION = YES;
				CLANG_WARN_OBJC_ROOT_CLASS = YES_ERROR;
				CLANG_WARN_QUOTED_INCLUDE_IN_FRAMEWORK_HEADER = YES;
				CLANG_WARN_RANGE_LOOP_ANALYSIS = YES;
				CLANG_WARN_STRICT_PROTOTYPES = YES;
				CLANG_WARN_SUSPICIOUS_MOVE = YES;
				CLANG_WARN_UNGUARDED_AVAILABILITY = YES_AGGRESSIVE;
				CLANG_WARN_UNREACHABLE_CODE = YES;
				CLANG_WARN__DUPLICATE_METHOD_MATCH = YES;
				COPY_PHASE_STRIP = NO;
				DEBUG_INFORMATION_FORMAT = "dwarf-with-dsym";
				ENABLE_NS_ASSERTIONS = NO;
				ENABLE_STRICT_OBJC_MSGSEND = YES;
				ENABLE_USER_SCRIPT_SANDBOXING = YES;
				GCC_C_LANGUAGE_STANDARD = gnu17;
				GCC_NO_COMMON_BLOCKS = YES;
				GCC_WARN_64_TO_32_BIT_CONVERSION = YES;
				GCC_WARN_ABOUT_RETURN_TYPE = YES_ERROR;
				GCC_WARN_UNDECLARED_SELECTOR = YES;
				GCC_WARN_UNINITIALIZED_AUTOS = YES_AGGRESSIVE;
				GCC_WARN_UNUSED_FUNCTION = YES;
				GCC_WARN_UNUSED_VARIABLE = YES;
				IPHONEOS_DEPLOYMENT_TARGET = 17.2;
				LOCALIZATION_PREFERS_STRING_CATALOGS = YES;
				MTL_ENABLE_DEBUG_INFO = NO;
				MTL_FAST_MATH = YES;
				SDKROOT = iphoneos;
				SWIFT_COMPILATION_MODE = wholemodule;
				VALIDATE_PRODUCT = YES;
			};
			name = Release;
		};
		1223CBA62B7657D700633F08 /* Debug */ = {
			isa = XCBuildConfiguration;
			buildSettings = {
				ASSETCATALOG_COMPILER_APPICON_NAME = AppIcon;
				ASSETCATALOG_COMPILER_GLOBAL_ACCENT_COLOR_NAME = AccentColor;
				CODE_SIGN_STYLE = Automatic;
				CURRENT_PROJECT_VERSION = 1;
				DEVELOPMENT_ASSET_PATHS = "\"RingSize/Preview Content\"";
				DEVELOPMENT_TEAM = QX7375AQZ9;
				ENABLE_PREVIEWS = YES;
				GENERATE_INFOPLIST_FILE = YES;
				INFOPLIST_KEY_UIApplicationSceneManifest_Generation = YES;
				INFOPLIST_KEY_UIApplicationSupportsIndirectInputEvents = YES;
				INFOPLIST_KEY_UILaunchScreen_Generation = YES;
				INFOPLIST_KEY_UISupportedInterfaceOrientations = UIInterfaceOrientationPortrait;
				LD_RUNPATH_SEARCH_PATHS = (
					"$(inherited)",
					"@executable_path/Frameworks",
				);
				MARKETING_VERSION = 1.0;
				PRODUCT_BUNDLE_IDENTIFIER = VK.RingSize;
				PRODUCT_NAME = "$(TARGET_NAME)";
				SWIFT_EMIT_LOC_STRINGS = YES;
				SWIFT_VERSION = 5.0;
				TARGETED_DEVICE_FAMILY = "1,2";
			};
			name = Debug;
		};
		1223CBA72B7657D700633F08 /* Release */ = {
			isa = XCBuildConfiguration;
			buildSettings = {
				ASSETCATALOG_COMPILER_APPICON_NAME = AppIcon;
				ASSETCATALOG_COMPILER_GLOBAL_ACCENT_COLOR_NAME = AccentColor;
				CODE_SIGN_STYLE = Automatic;
				CURRENT_PROJECT_VERSION = 1;
				DEVELOPMENT_ASSET_PATHS = "\"RingSize/Preview Content\"";
				DEVELOPMENT_TEAM = QX7375AQZ9;
				ENABLE_PREVIEWS = YES;
				GENERATE_INFOPLIST_FILE = YES;
				INFOPLIST_KEY_UIApplicationSceneManifest_Generation = YES;
				INFOPLIST_KEY_UIApplicationSupportsIndirectInputEvents = YES;
				INFOPLIST_KEY_UILaunchScreen_Generation = YES;
				INFOPLIST_KEY_UISupportedInterfaceOrientations = UIInterfaceOrientationPortrait;
				LD_RUNPATH_SEARCH_PATHS = (
					"$(inherited)",
					"@executable_path/Frameworks",
				);
				MARKETING_VERSION = 1.0;
				PRODUCT_BUNDLE_IDENTIFIER = VK.RingSize;
				PRODUCT_NAME = "$(TARGET_NAME)";
				SWIFT_EMIT_LOC_STRINGS = YES;
				SWIFT_VERSION = 5.0;
				TARGETED_DEVICE_FAMILY = "1,2";
			};
			name = Release;
		};
/* End XCBuildConfiguration section */

/* Begin XCConfigurationList section */
		1223CB922B7657D400633F08 /* Build configuration list for PBXProject "RingSize" */ = {
			isa = XCConfigurationList;
			buildConfigurations = (
				1223CBA32B7657D700633F08 /* Debug */,
				1223CBA42B7657D700633F08 /* Release */,
			);
			defaultConfigurationIsVisible = 0;
			defaultConfigurationName = Release;
		};
		1223CBA52B7657D700633F08 /* Build configuration list for PBXNativeTarget "RingSize" */ = {
			isa = XCConfigurationList;
			buildConfigurations = (
				1223CBA62B7657D700633F08 /* Debug */,
				1223CBA72B7657D700633F08 /* Release */,
			);
			defaultConfigurationIsVisible = 0;
			defaultConfigurationName = Release;
		};
/* End XCConfigurationList section */

/* Begin XCRemoteSwiftPackageReference section */
		121BF8A42B79167500EAEC0B /* XCRemoteSwiftPackageReference "rive-ios" */ = {
			isa = XCRemoteSwiftPackageReference;
			repositoryURL = "https://github.com/rive-app/rive-ios";
			requirement = {
				kind = upToNextMajorVersion;
				minimumVersion = 5.7.1;
			};
		};
/* End XCRemoteSwiftPackageReference section */

/* Begin XCSwiftPackageProductDependency section */
		121BF8A52B79167500EAEC0B /* RiveRuntime */ = {
			isa = XCSwiftPackageProductDependency;
			package = 121BF8A42B79167500EAEC0B /* XCRemoteSwiftPackageReference "rive-ios" */;
			productName = RiveRuntime;
		};
/* End XCSwiftPackageProductDependency section */
	};
	rootObject = 1223CB8F2B7657D400633F08 /* Project object */;
}
